Microsoft Visual Studio Solution File, Format Version 12.00
# Visual Studio Version 16
VisualStudioVersion = 16.0.29409.12
MinimumVisualStudioVersion = 10.0.40219.1
Project("{FAE04EC0-301F-11D3-BF4B-00C04F79EFBC}") = "de.springwald.gaitobot2", "de.springwald.gaitobot2\de.springwald.gaitobot2.csproj", "{90C7B2C3-FAF3-4BA2-BE2F-3723E12F96F1}"
EndProject
Project("{FAE04EC0-301F-11D3-BF4B-00C04F79EFBC}") = "de.springwald.gaitobot.content", "de.springwald.gaitobot.content\de.springwald.gaitobot.content.csproj", "{79EDA14D-BBAD-4CEA-AB65-65499CD9B25E}"
EndProject
Project("{FAE04EC0-301F-11D3-BF4B-00C04F79EFBC}") = "de.springwald.gaitobot.publizierung", "de.springwald.gaitobot.publizierung\de.springwald.gaitobot.publizierung.csproj", "{DFCD8B67-D8A0-461F-BD3D-7B052503C3A2}"
EndProject
Project("{FAE04EC0-301F-11D3-BF4B-00C04F79EFBC}") = "GaitoBotEditorCore", "GaitoBotEditorCore\GaitoBotEditorCore.csproj", "{C0AC0C95-2B10-481B-A427-C4C3375568BF}"
EndProject
Project("{FAE04EC0-301F-11D3-BF4B-00C04F79EFBC}") = "Antlr3.Runtime", "Antlr3.Runtime\Antlr3.Runtime.csproj", "{0314B0AE-17AD-4D8F-A81F-CFA06C7E2ACA}"
EndProject
Project("{FAE04EC0-301F-11D3-BF4B-00C04F79EFBC}") = "de.springwald.gaitobot.verwaltung", "de.springwald.gaitobot.verwaltung\de.springwald.gaitobot.verwaltung.csproj", "{FE57AD5F-2151-4039-9E76-0186481EC726}"
EndProject
Project("{FAE04EC0-301F-11D3-BF4B-00C04F79EFBC}") = "de.springwald.gaitobot.verwaltung.resources", "de.springwald.gaitobot.verwaltung.resources\de.springwald.gaitobot.verwaltung.resources.csproj", "{8181861F-FF15-4191-9C5B-F0FC389CC30B}"
EndProject
Project("{FAE04EC0-301F-11D3-BF4B-00C04F79EFBC}") = "Jint", "Jint\Jint.csproj", "{962061CD-6A2A-4EA4-9335-37400911BFD6}"
EndProject
Project("{FAE04EC0-301F-11D3-BF4B-00C04F79EFBC}") = "GaitoBotEditorCore.resources", "GaitoBotEditorCore.resources\GaitoBotEditorCore.resources.csproj", "{9DAF0522-CEAC-480F-90E3-8B24B4727EC7}"
EndProject
Project("{FAE04EC0-301F-11D3-BF4B-00C04F79EFBC}") = "de.springwald.toolbox", "de.springwald.toolbox\de.springwald.toolbox.csproj", "{DC33A0EC-37F3-4631-897C-42E2A955B919}"
EndProject
Project("{FAE04EC0-301F-11D3-BF4B-00C04F79EFBC}") = "de.springwald.xml", "de.springwald.xml\de.springwald.xml.csproj", "{469B7EB8-D597-4FE2-A2B3-0B5C71426B9F}"
EndProject
Project("{FAE04EC0-301F-11D3-BF4B-00C04F79EFBC}") = "GaitoBotEditor.resources", "GaitoBotEditor.resources\GaitoBotEditor.resources.csproj", "{3BD072D3-2966-4C64-B55D-2B1E926B797D}"
EndProject
Project("{FAE04EC0-301F-11D3-BF4B-00C04F79EFBC}") = "GaitoBotEditor", "GaitoBotEditor\GaitoBotEditor.csproj", "{10CE0361-BBA9-4658-9AE4-A8175E904419}"
EndProject
Project("{FAE04EC0-301F-11D3-BF4B-00C04F79EFBC}") = "SandDock", "SandDock\SandDock.csproj", "{713A9141-F74F-4A90-8DB3-7B3853029528}"
EndProject
Global
	GlobalSection(SolutionConfigurationPlatforms) = preSolution
		Debug|Any CPU = Debug|Any CPU
		Release|Any CPU = Release|Any CPU
	EndGlobalSection
	GlobalSection(ProjectConfigurationPlatforms) = postSolution
		{90C7B2C3-FAF3-4BA2-BE2F-3723E12F96F1}.Debug|Any CPU.ActiveCfg = Debug|Any CPU
		{90C7B2C3-FAF3-4BA2-BE2F-3723E12F96F1}.Debug|Any CPU.Build.0 = Debug|Any CPU
		{90C7B2C3-FAF3-4BA2-BE2F-3723E12F96F1}.Release|Any CPU.ActiveCfg = Release|Any CPU
		{90C7B2C3-FAF3-4BA2-BE2F-3723E12F96F1}.Release|Any CPU.Build.0 = Release|Any CPU
		{79EDA14D-BBAD-4CEA-AB65-65499CD9B25E}.Debug|Any CPU.ActiveCfg = Debug|Any CPU
		{79EDA14D-BBAD-4CEA-AB65-65499CD9B25E}.Debug|Any CPU.Build.0 = Debug|Any CPU
		{79EDA14D-BBAD-4CEA-AB65-65499CD9B25E}.Release|Any CPU.ActiveCfg = Release|Any CPU
		{79EDA14D-BBAD-4CEA-AB65-65499CD9B25E}.Release|Any CPU.Build.0 = Release|Any CPU
		{DFCD8B67-D8A0-461F-BD3D-7B052503C3A2}.Debug|Any CPU.ActiveCfg = Debug|Any CPU
		{DFCD8B67-D8A0-461F-BD3D-7B052503C3A2}.Debug|Any CPU.Build.0 = Debug|Any CPU
		{DFCD8B67-D8A0-461F-BD3D-7B052503C3A2}.Release|Any CPU.ActiveCfg = Release|Any CPU
		{DFCD8B67-D8A0-461F-BD3D-7B052503C3A2}.Release|Any CPU.Build.0 = Release|Any CPU
		{C0AC0C95-2B10-481B-A427-C4C3375568BF}.Debug|Any CPU.ActiveCfg = Debug|Any CPU
		{C0AC0C95-2B10-481B-A427-C4C3375568BF}.Debug|Any CPU.Build.0 = Debug|Any CPU
		{C0AC0C95-2B10-481B-A427-C4C3375568BF}.Release|Any CPU.ActiveCfg = Release|Any CPU
		{C0AC0C95-2B10-481B-A427-C4C3375568BF}.Release|Any CPU.Build.0 = Release|Any CPU
		{0314B0AE-17AD-4D8F-A81F-CFA06C7E2ACA}.Debug|Any CPU.ActiveCfg = Debug|Any CPU
		{0314B0AE-17AD-4D8F-A81F-CFA06C7E2ACA}.Debug|Any CPU.Build.0 = Debug|Any CPU
		{0314B0AE-17AD-4D8F-A81F-CFA06C7E2ACA}.Release|Any CPU.ActiveCfg = Release|Any CPU
		{0314B0AE-17AD-4D8F-A81F-CFA06C7E2ACA}.Release|Any CPU.Build.0 = Release|Any CPU
		{FE57AD5F-2151-4039-9E76-0186481EC726}.Debug|Any CPU.ActiveCfg = Debug|Any CPU
		{FE57AD5F-2151-4039-9E76-0186481EC726}.Debug|Any CPU.Build.0 = Debug|Any CPU
		{FE57AD5F-2151-4039-9E76-0186481EC726}.Release|Any CPU.ActiveCfg = Release|Any CPU
		{FE57AD5F-2151-4039-9E76-0186481EC726}.Release|Any CPU.Build.0 = Release|Any CPU
		{8181861F-FF15-4191-9C5B-F0FC389CC30B}.Debug|Any CPU.ActiveCfg = Debug|Any CPU
		{8181861F-FF15-4191-9C5B-F0FC389CC30B}.Debug|Any CPU.Build.0 = Debug|Any CPU
		{8181861F-FF15-4191-9C5B-F0FC389CC30B}.Release|Any CPU.ActiveCfg = Release|Any CPU
		{8181861F-FF15-4191-9C5B-F0FC389CC30B}.Release|Any CPU.Build.0 = Release|Any CPU
		{962061CD-6A2A-4EA4-9335-37400911BFD6}.Debug|Any CPU.ActiveCfg = Debug|Any CPU
		{962061CD-6A2A-4EA4-9335-37400911BFD6}.Debug|Any CPU.Build.0 = Debug|Any CPU
		{962061CD-6A2A-4EA4-9335-37400911BFD6}.Release|Any CPU.ActiveCfg = Release|Any CPU
		{962061CD-6A2A-4EA4-9335-37400911BFD6}.Release|Any CPU.Build.0 = Release|Any CPU
		{9DAF0522-CEAC-480F-90E3-8B24B4727EC7}.Debug|Any CPU.ActiveCfg = Debug|Any CPU
		{9DAF0522-CEAC-480F-90E3-8B24B4727EC7}.Debug|Any CPU.Build.0 = Debug|Any CPU
		{9DAF0522-CEAC-480F-90E3-8B24B4727EC7}.Release|Any CPU.ActiveCfg = Release|Any CPU
		{9DAF0522-CEAC-480F-90E3-8B24B4727EC7}.Release|Any CPU.Build.0 = Release|Any CPU
		{DC33A0EC-37F3-4631-897C-42E2A955B919}.Debug|Any CPU.ActiveCfg = Debug|Any CPU
		{DC33A0EC-37F3-4631-897C-42E2A955B919}.Debug|Any CPU.Build.0 = Debug|Any CPU
		{DC33A0EC-37F3-4631-897C-42E2A955B919}.Release|Any CPU.ActiveCfg = Release|Any CPU
		{DC33A0EC-37F3-4631-897C-42E2A955B919}.Release|Any CPU.Build.0 = Release|Any CPU
		{469B7EB8-D597-4FE2-A2B3-0B5C71426B9F}.Debug|Any CPU.ActiveCfg = Debug|Any CPU
		{469B7EB8-D597-4FE2-A2B3-0B5C71426B9F}.Debug|Any CPU.Build.0 = Debug|Any CPU
		{469B7EB8-D597-4FE2-A2B3-0B5C71426B9F}.Release|Any CPU.ActiveCfg = Release|Any CPU
		{469B7EB8-D597-4FE2-A2B3-0B5C71426B9F}.Release|Any CPU.Build.0 = Release|Any CPU
		{3BD072D3-2966-4C64-B55D-2B1E926B797D}.Debug|Any CPU.ActiveCfg = Debug|Any CPU
		{3BD072D3-2966-4C64-B55D-2B1E926B797D}.Debug|Any CPU.Build.0 = Debug|Any CPU
		{3BD072D3-2966-4C64-B55D-2B1E926B797D}.Release|Any CPU.ActiveCfg = Release|Any CPU
		{3BD072D3-2966-4C64-B55D-2B1E926B797D}.Release|Any CPU.Build.0 = Release|Any CPU
		{10CE0361-BBA9-4658-9AE4-A8175E904419}.Debug|Any CPU.ActiveCfg = Debug|Any CPU
		{10CE0361-BBA9-4658-9AE4-A8175E904419}.Debug|Any CPU.Build.0 = Debug|Any CPU
		{10CE0361-BBA9-4658-9AE4-A8175E904419}.Release|Any CPU.ActiveCfg = Release|Any CPU
		{10CE0361-BBA9-4658-9AE4-A8175E904419}.Release|Any CPU.Build.0 = Release|Any CPU
		{713A9141-F74F-4A90-8DB3-7B3853029528}.Debug|Any CPU.ActiveCfg = Debug|Any CPU
		{713A9141-F74F-4A90-8DB3-7B3853029528}.Debug|Any CPU.Build.0 = Debug|Any CPU
		{713A9141-F74F-4A90-8DB3-7B3853029528}.Release|Any CPU.ActiveCfg = Release|Any CPU
		{713A9141-F74F-4A90-8DB3-7B3853029528}.Release|Any CPU.Build.0 = Release|Any CPU
	EndGlobalSection
	GlobalSection(SolutionProperties) = preSolution
		HideSolutionNode = FALSE
	EndGlobalSection
	GlobalSection(ExtensibilityGlobals) = postSolution
		SolutionGuid = {05C18F4B-1A31-46C5-ABF0-1C8229EC9D9D}
	EndGlobalSection
EndGlobal
