
Microsoft Visual Studio Solution File, Format Version 10.00
# Visual Studio 2008
Project("{FAE04EC0-301F-11D3-BF4B-00C04F79EFBC}") = "de.springwald.gaitobot.verwaltung.resources", "de.springwald.gaitobot.verwaltung.resources.csproj", "{8181861F-FF15-4191-9C5B-F0FC389CC30B}"
EndProject
Global
	GlobalSection(SolutionConfigurationPlatforms) = preSolution
		Debug|Any CPU = Debug|Any CPU
		Release|Any CPU = Release|Any CPU
	EndGlobalSection
	GlobalSection(ProjectConfigurationPlatforms) = postSolution
		{8181861F-FF15-4191-9C5B-F0FC389CC30B}.Debug|Any CPU.ActiveCfg = Debug|Any CPU
		{8181861F-FF15-4191-9C5B-F0FC389CC30B}.Debug|Any CPU.Build.0 = Debug|Any CPU
		{8181861F-FF15-4191-9C5B-F0FC389CC30B}.Release|Any CPU.ActiveCfg = Release|Any CPU
		{8181861F-FF15-4191-9C5B-F0FC389CC30B}.Release|Any CPU.Build.0 = Release|Any CPU
	EndGlobalSection
	GlobalSection(SolutionProperties) = preSolution
		HideSolutionNode = FALSE
	EndGlobalSection
EndGlobal
